version: 6
environments:
  default:
    channels:
    - url: https://conda.anaconda.org/conda-forge/
    packages:
      osx-arm64:
      - conda: https://conda.anaconda.org/conda-forge/osx-arm64/_openmp_mutex-4.5-7_kmp_llvm.conda
      - conda: https://conda.anaconda.org/conda-forge/osx-arm64/boost-1.85.0-ha814d7c_4.conda
      - conda: https://conda.anaconda.org/conda-forge/osx-arm64/bzip2-1.0.8-hd037594_8.conda
      - conda: https://conda.anaconda.org/conda-forge/noarch/ca-certificates-2026.1.4-hbd8a1cb_0.conda
      - conda: https://conda.anaconda.org/conda-forge/osx-arm64/cctools-1030.6.3-llvm21_1_h8e84c17_1.conda
      - conda: https://conda.anaconda.org/conda-forge/osx-arm64/cctools_impl_osx-arm64-1030.6.3-llvm21_1_haddd2d4_1.conda
      - conda: https://conda.anaconda.org/conda-forge/osx-arm64/clang-21-21.1.7-default_hb52604d_4.conda
      - conda: https://conda.anaconda.org/conda-forge/osx-arm64/clang-21.1.7-default_cfg_hb78b91e_4.conda
      - conda: https://conda.anaconda.org/conda-forge/osx-arm64/clang_impl_osx-arm64-21.1.7-default_h3e0e8d0_4.conda
      - conda: https://conda.anaconda.org/conda-forge/osx-arm64/clangxx-21.1.7-default_cfg_h76039ee_4.conda
      - conda: https://conda.anaconda.org/conda-forge/osx-arm64/clangxx_impl_osx-arm64-21.1.7-default_h3e0e8d0_4.conda
      - conda: https://conda.anaconda.org/conda-forge/osx-arm64/compiler-rt-21.1.7-hce30654_0.conda
      - conda: https://conda.anaconda.org/conda-forge/osx-arm64/compiler-rt21-21.1.7-h855ad52_0.conda
      - conda: https://conda.anaconda.org/conda-forge/noarch/compiler-rt21_osx-arm64-21.1.7-h2514db7_0.conda
      - conda: https://conda.anaconda.org/conda-forge/noarch/compiler-rt_osx-arm64-21.1.7-hce30654_0.conda
      - conda: https://conda.anaconda.org/conda-forge/osx-arm64/icu-75.1-hfee45f7_0.conda
      - conda: https://conda.anaconda.org/conda-forge/osx-arm64/ld64-956.6-llvm21_1_h5d6df6c_1.conda
      - conda: https://conda.anaconda.org/conda-forge/osx-arm64/ld64_osx-arm64-956.6-llvm21_1_hde6573c_1.conda
      - conda: https://conda.anaconda.org/conda-forge/osx-arm64/libblas-3.11.0-5_h51639a9_openblas.conda
      - conda: https://conda.anaconda.org/conda-forge/osx-arm64/libboost-1.85.0-hf763ba5_4.conda
      - conda: https://conda.anaconda.org/conda-forge/osx-arm64/libboost-devel-1.85.0-hf450f58_4.conda
      - conda: https://conda.anaconda.org/conda-forge/osx-arm64/libboost-headers-1.85.0-hce30654_4.conda
      - conda: https://conda.anaconda.org/conda-forge/osx-arm64/libboost-python-1.85.0-py312hffe1f2a_4.conda
      - conda: https://conda.anaconda.org/conda-forge/osx-arm64/libboost-python-devel-1.85.0-py312ha814d7c_4.conda
      - conda: https://conda.anaconda.org/conda-forge/osx-arm64/libcblas-3.11.0-5_hb0561ab_openblas.conda
      - conda: https://conda.anaconda.org/conda-forge/osx-arm64/libclang-cpp21.1-21.1.7-default_hf3020a7_4.conda
      - conda: https://conda.anaconda.org/conda-forge/osx-arm64/libcxx-21.1.8-hf598326_0.conda
      - conda: https://conda.anaconda.org/conda-forge/osx-arm64/libcxx-devel-21.1.8-h6dc3340_0.conda
      - conda: https://conda.anaconda.org/conda-forge/noarch/libcxx-headers-21.1.8-h707e725_0.conda
      - conda: https://conda.anaconda.org/conda-forge/osx-arm64/libexpat-2.7.3-haf25636_0.conda
      - conda: https://conda.anaconda.org/conda-forge/osx-arm64/libffi-3.5.2-he5f378a_0.conda
      - conda: https://conda.anaconda.org/conda-forge/osx-arm64/libgcc-15.2.0-hcbb3090_16.conda
      - conda: https://conda.anaconda.org/conda-forge/osx-arm64/libgfortran-15.2.0-h07b0088_16.conda
      - conda: https://conda.anaconda.org/conda-forge/osx-arm64/libgfortran5-15.2.0-hdae7583_16.conda
      - conda: https://conda.anaconda.org/conda-forge/osx-arm64/libiconv-1.18-h23cfdf5_2.conda
      - conda: https://conda.anaconda.org/conda-forge/osx-arm64/liblapack-3.11.0-5_hd9741b5_openblas.conda
      - conda: https://conda.anaconda.org/conda-forge/osx-arm64/libllvm21-21.1.7-h8e0c9ce_0.conda
      - conda: https://conda.anaconda.org/conda-forge/osx-arm64/liblzma-5.8.1-h39f12f2_2.conda
      - conda: https://conda.anaconda.org/conda-forge/osx-arm64/liblzma-devel-5.8.1-h39f12f2_2.conda
      - conda: https://conda.anaconda.org/conda-forge/osx-arm64/libopenblas-0.3.30-openmp_ha158390_3.conda
      - conda: https://conda.anaconda.org/conda-forge/osx-arm64/libsigtool-0.1.3-h98dc951_0.conda
      - conda: https://conda.anaconda.org/conda-forge/osx-arm64/libsqlite-3.51.1-h1b79a29_1.conda
      - conda: https://conda.anaconda.org/conda-forge/osx-arm64/libxml2-16-2.15.1-h0ff4647_0.conda
      - conda: https://conda.anaconda.org/conda-forge/osx-arm64/libxml2-2.15.1-h9329255_0.conda
      - conda: https://conda.anaconda.org/conda-forge/osx-arm64/libzlib-1.3.1-h8359307_2.conda
      - conda: https://conda.anaconda.org/conda-forge/osx-arm64/llvm-openmp-21.1.8-h4a912ad_0.conda
      - conda: https://conda.anaconda.org/conda-forge/osx-arm64/llvm-tools-21-21.1.7-h91fd4e7_0.conda
      - conda: https://conda.anaconda.org/conda-forge/osx-arm64/llvm-tools-21.1.7-h855ad52_0.conda
      - conda: https://conda.anaconda.org/conda-forge/osx-arm64/make-4.4.1-hc9fafa5_2.conda
      - conda: https://conda.anaconda.org/conda-forge/osx-arm64/ncurses-6.5-h5e97a16_3.conda
      - conda: https://conda.anaconda.org/conda-forge/osx-arm64/numpy-2.4.0-py312he281c53_0.conda
      - conda: https://conda.anaconda.org/conda-forge/osx-arm64/openssl-3.6.0-h5503f6c_0.conda
      - conda: https://conda.anaconda.org/conda-forge/osx-arm64/python-3.12.12-h18782d2_1_cpython.conda
      - conda: https://conda.anaconda.org/conda-forge/noarch/python_abi-3.12-8_cp312.conda
      - conda: https://conda.anaconda.org/conda-forge/osx-arm64/readline-8.3-h46df422_0.conda
      - conda: https://conda.anaconda.org/conda-forge/osx-arm64/sigtool-0.1.3-h98dc951_0.conda
      - conda: https://conda.anaconda.org/conda-forge/osx-arm64/sigtool-codesign-0.1.3-h98dc951_0.conda
      - conda: https://conda.anaconda.org/conda-forge/osx-arm64/tapi-1600.0.11.8-h997e182_0.conda
      - conda: https://conda.anaconda.org/conda-forge/osx-arm64/tk-8.6.13-h892fb3f_3.conda
      - conda: https://conda.anaconda.org/conda-forge/noarch/tzdata-2025c-hc9c84f9_1.conda
      - conda: https://conda.anaconda.org/conda-forge/osx-arm64/xz-5.8.1-h9a6d368_2.conda
      - conda: https://conda.anaconda.org/conda-forge/osx-arm64/xz-gpl-tools-5.8.1-h9a6d368_2.conda
      - conda: https://conda.anaconda.org/conda-forge/osx-arm64/xz-tools-5.8.1-h39f12f2_2.conda
      - conda: https://conda.anaconda.org/conda-forge/osx-arm64/zstd-1.5.7-hbf9d68e_6.conda
packages:
- conda: https://conda.anaconda.org/conda-forge/osx-arm64/_openmp_mutex-4.5-7_kmp_llvm.conda
  build_number: 7
  sha256: 7acaa2e0782cad032bdaf756b536874346ac1375745fb250e9bdd6a48a7ab3cd
  md5: a44032f282e7d2acdeb1c240308052dd
  depends:
  - llvm-openmp >=9.0.1
  license: BSD-3-Clause
  license_family: BSD
  size: 8325
  timestamp: 1764092507920
- conda: https://conda.anaconda.org/conda-forge/osx-arm64/boost-1.85.0-ha814d7c_4.conda
  sha256: b5f2d59a0b7f44f69bfd3f5b08cf4c8eb9862cc3999d320dd613034ca86292aa
  md5: 9688198b228129a89a54783d0700c2ac
  depends:
  - libboost-python-devel 1.85.0 py312ha814d7c_4
  - numpy >=1.19,<3
  - python_abi 3.12.* *_cp312
  license: BSL-1.0
  size: 18491
  timestamp: 1722292338097
- conda: https://conda.anaconda.org/conda-forge/osx-arm64/bzip2-1.0.8-hd037594_8.conda
  sha256: b456200636bd5fecb2bec63f7e0985ad2097cf1b83d60ce0b6968dffa6d02aa1
  md5: 58fd217444c2a5701a44244faf518206
  depends:
  - __osx >=11.0
  license: bzip2-1.0.6
  license_family: BSD
  size: 125061
  timestamp: 1757437486465
- conda: https://conda.anaconda.org/conda-forge/noarch/ca-certificates-2026.1.4-hbd8a1cb_0.conda
  sha256: b5974ec9b50e3c514a382335efa81ed02b05906849827a34061c496f4defa0b2
  md5: bddacf101bb4dd0e51811cb69c7790e2
  depends:
  - __unix
  license: ISC
  size: 146519
  timestamp: 1767500828366
- conda: https://conda.anaconda.org/conda-forge/osx-arm64/cctools-1030.6.3-llvm21_1_h8e84c17_1.conda
  sha256: be6fa06a56c7494b1dd855b383be99fb57724f762170e934961a07b84865856c
  md5: 4da6ff93756a4cc6ab2fbfb3aa9cca09
  depends:
  - cctools_impl_osx-arm64 1030.6.3 llvm21_1_haddd2d4_1
  - ld64 956.6 llvm21_1_h5d6df6c_1
  - libllvm21 >=21.1.6,<21.2.0a0
  license: APSL-2.0
  license_family: Other
  size: 23917
  timestamp: 1764351701470
- conda: https://conda.anaconda.org/conda-forge/osx-arm64/cctools_impl_osx-arm64-1030.6.3-llvm21_1_haddd2d4_1.conda
  sha256: 68c5ad222e1b3ebd92ebd9d4f7a8f0996411a331c848c1fbc5f80229534db52a
  md5: d2fbd8172cfb9ca7c1bdfc4a6d3ffd3d
  depends:
  - __osx >=11.0
  - ld64_osx-arm64 >=956.6,<956.7.0a0
  - libcxx
  - libllvm21 >=21.1.6,<21.2.0a0
  - libzlib >=1.3.1,<2.0a0
  - llvm-tools 21.1.*
  - sigtool
  constrains:
  - cctools 1030.6.3.*
  - ld64 956.6.*
  - clang 21.1.*
  license: APSL-2.0
  license_family: Other
  size: 747881
  timestamp: 1764351663621
- conda: https://conda.anaconda.org/conda-forge/osx-arm64/clang-21.1.7-default_cfg_hb78b91e_4.conda
  sha256: 5b5effed14261cd84537129596e9c4acfaa1b02d59e4cbc733664cc15bfef3ba
  md5: a5c8c4839f9ba40c1d6c5a0139b2d112
  depends:
  - cctools
  - clang-21 21.1.7 default_hb52604d_4
  - clang_impl_osx-arm64 21.1.7 default_h3e0e8d0_4
  - ld64
  - ld64_osx-arm64 * llvm21_1_*
  - llvm-openmp >=21.1.7
  - llvm-tools 21.1.7.*
  license: Apache-2.0 WITH LLVM-exception
  license_family: Apache
  size: 28501
  timestamp: 1767750798446
- conda: https://conda.anaconda.org/conda-forge/osx-arm64/clang-21-21.1.7-default_hb52604d_4.conda
  sha256: b54094ff410564a867de7d98c287c80f02406b94a0e0ff1f2f4932a126714811
  md5: 41f0b53f454510289d5c0822dbb42244
  depends:
  - __osx >=11.0
  - compiler-rt21 21.1.7.*
  - libclang-cpp21.1 21.1.7 default_hf3020a7_4
  - libcxx >=21.1.7
  - libllvm21 >=21.1.7,<21.2.0a0
  license: Apache-2.0 WITH LLVM-exception
  license_family: Apache
  size: 823188
  timestamp: 1767750619854
- conda: https://conda.anaconda.org/conda-forge/osx-arm64/clang_impl_osx-arm64-21.1.7-default_h3e0e8d0_4.conda
  sha256: 73c812ae6b2bfd7c4abe7ce09dfab201800bf49b3ed348a28e5196291a552306
  md5: 8df2f23746771fb6af588fe4cc823c5d
  depends:
  - cctools_impl_osx-arm64
  - clang-21 21.1.7 default_hb52604d_4
  - compiler-rt 21.1.7.*
  - compiler-rt_osx-arm64
  - ld64_osx-arm64 * llvm21_1_*
  license: Apache-2.0 WITH LLVM-exception
  license_family: Apache
  size: 27930
  timestamp: 1767750778895
- conda: https://conda.anaconda.org/conda-forge/osx-arm64/clangxx-21.1.7-default_cfg_h76039ee_4.conda
  sha256: 59a359b7c4ff69f7fee25fb44a3eb6dfda590c4c8a4b4c5c14025857fdf5225c
  md5: f1a898817bb587baa2d4b63644b14e4d
  depends:
  - clang 21.1.7 default_cfg_hb78b91e_4
  - clangxx_impl_osx-arm64 21.1.7 default_h3e0e8d0_4
  - libcxx-devel 21.1.*
  license: Apache-2.0 WITH LLVM-exception
  license_family: Apache
  size: 28229
  timestamp: 1767750864951
- conda: https://conda.anaconda.org/conda-forge/osx-arm64/clangxx_impl_osx-arm64-21.1.7-default_h3e0e8d0_4.conda
  sha256: 83962dfc40840334511fffd549c406ae2db9420428f8d52693dea59be8d3195a
  md5: 29c588e29856fe8def56e9e418d3a1f5
  depends:
  - clang-21 21.1.7 default_hb52604d_4
  - clang_impl_osx-arm64 21.1.7 default_h3e0e8d0_4
  - libcxx-devel 21.1.*
  license: Apache-2.0 WITH LLVM-exception
  license_family: Apache
  size: 27879
  timestamp: 1767750831272
- conda: https://conda.anaconda.org/conda-forge/osx-arm64/compiler-rt-21.1.7-hce30654_0.conda
  sha256: c4c222a01adc781314c0d8f63e82f6d70c9f8a08faff8e0ec2f925b8f142f289
  md5: 7837430a78253ff973e014d5a18fb14b
  depends:
  - compiler-rt21 21.1.7 h855ad52_0
  constrains:
  - clang 21.1.7
  license: Apache-2.0 WITH LLVM-exception
  license_family: APACHE
  size: 15992
  timestamp: 1764723938551
- conda: https://conda.anaconda.org/conda-forge/osx-arm64/compiler-rt21-21.1.7-h855ad52_0.conda
  sha256: 9202f987138486183798f06b73dc9f25cab7dce80d50360d76ee613b6b2c53c6
  md5: 1d6a36d81ee0e293443bd5ccefc88366
  depends:
  - __osx >=11.0
  - compiler-rt21_osx-arm64 21.1.7.*
  license: Apache-2.0 WITH LLVM-exception
  license_family: APACHE
  size: 98348
  timestamp: 1764723933513
- conda: https://conda.anaconda.org/conda-forge/noarch/compiler-rt21_osx-arm64-21.1.7-h2514db7_0.conda
  sha256: a27658929464454c4ba07e8ce6cf03f085acc84378e05d7f1ad833953eb5ca2f
  md5: a0fb0846568b235bd52438d8cf88a03b
  constrains:
  - compiler-rt >=9.0.1
  license: Apache-2.0 WITH LLVM-exception
  license_family: APACHE
  size: 10728171
  timestamp: 1764723879940
- conda: https://conda.anaconda.org/conda-forge/noarch/compiler-rt_osx-arm64-21.1.7-hce30654_0.conda
  sha256: ec48c091a8ca3254c401719fa92337f7b1157fd5555984bf01de294d41e5d7c7
  md5: 5aa69508d0eb4cf55bff469803349653
  depends:
  - compiler-rt21_osx-arm64 21.1.7 h2514db7_0
  constrains:
  - clang 21.1.7
  license: Apache-2.0 WITH LLVM-exception
  license_family: APACHE
  size: 16160
  timestamp: 1764723936525
- conda: https://conda.anaconda.org/conda-forge/osx-arm64/icu-75.1-hfee45f7_0.conda
  sha256: 9ba12c93406f3df5ab0a43db8a4b4ef67a5871dfd401010fbe29b218b2cbe620
  md5: 5eb22c1d7b3fc4abb50d92d621583137
  depends:
  - __osx >=11.0
  license: MIT
  license_family: MIT
  size: 11857802
  timestamp: 1720853997952
- conda: https://conda.anaconda.org/conda-forge/osx-arm64/ld64-956.6-llvm21_1_h5d6df6c_1.conda
  sha256: cfb3612bde5233ef62b73b507e5fe2efb069d077f1d6ca50ec44aef40078b520
  md5: 4b659bb7a1a49f9aacffb344712cbe06
  depends:
  - ld64_osx-arm64 956.6 llvm21_1_hde6573c_1
  - libllvm21 >=21.1.6,<21.2.0a0
  constrains:
  - cctools 1030.6.3.*
  - cctools_osx-arm64 1030.6.3.*
  license: APSL-2.0
  license_family: Other
  size: 21152
  timestamp: 1764351682250
- conda: https://conda.anaconda.org/conda-forge/osx-arm64/ld64_osx-arm64-956.6-llvm21_1_hde6573c_1.conda
  sha256: f6628fd72a9188c16c13059484b5b0b4d6c4ced7703baf7ff2700d43078523e7
  md5: 228ec02f6e40967703d7254672f24813
  depends:
  - __osx >=11.0
  - libcxx
  - libllvm21 >=21.1.6,<21.2.0a0
  - sigtool
  - tapi >=1600.0.11.8,<1601.0a0
  constrains:
  - cctools 1030.6.3.*
  - cctools_impl_osx-arm64 1030.6.3.*
  - ld64 956.6.*
  - clang 21.1.*
  license: APSL-2.0
  license_family: Other
  size: 1037660
  timestamp: 1764351616909
- conda: https://conda.anaconda.org/conda-forge/osx-arm64/libblas-3.11.0-5_h51639a9_openblas.conda
  build_number: 5
  sha256: 620a6278f194dcabc7962277da6835b1e968e46ad0c8e757736255f5ddbfca8d
  md5: bcc025e2bbaf8a92982d20863fe1fb69
  depends:
  - libopenblas >=0.3.30,<0.3.31.0a0
  - libopenblas >=0.3.30,<1.0a0
  constrains:
  - libcblas   3.11.0   5*_openblas
  - liblapack  3.11.0   5*_openblas
  - liblapacke 3.11.0   5*_openblas
  - blas 2.305   openblas
  - mkl <2026
  license: BSD-3-Clause
  license_family: BSD
  size: 18546
  timestamp: 1765819094137
- conda: https://conda.anaconda.org/conda-forge/osx-arm64/libboost-1.85.0-hf763ba5_4.conda
  sha256: 2ef0667e01ad218a1e61167cccace83821e551994eb55e917cbf53ca58e418a4
  md5: 1dd9608cfbf7e5e09df19ec2187f1a5a
  depends:
  - __osx >=11.0
  - bzip2 >=1.0.8,<2.0a0
  - icu >=75.1,<76.0a0
  - libcxx >=16
  - libzlib >=1.3.1,<2.0a0
  - xz >=5.2.6,<6.0a0
  - zstd >=1.5.6,<1.6.0a0
  constrains:
  - boost-cpp =1.85.0
  license: BSL-1.0
  size: 1957773
  timestamp: 1722291251209
- conda: https://conda.anaconda.org/conda-forge/osx-arm64/libboost-devel-1.85.0-hf450f58_4.conda
  sha256: c54a44d4933dc2f9c0978205d22b0e13cba9c9d73e98a70e524b3cae72c8a62f
  md5: c7adf58ea69ec5520517529ae6b6370e
  depends:
  - libboost 1.85.0 hf763ba5_4
  - libboost-headers 1.85.0 hce30654_4
  constrains:
  - boost-cpp =1.85.0
  license: BSL-1.0
  size: 41332
  timestamp: 1722291426561
- conda: https://conda.anaconda.org/conda-forge/osx-arm64/libboost-headers-1.85.0-hce30654_4.conda
  sha256: 52c298c34a25960f48aef00981934808b70953f046abb08076f6005e2df83d22
  md5: e4da2f0886a3029ec3b7274b13a54714
  constrains:
  - boost-cpp =1.85.0
  license: BSL-1.0
  size: 14130145
  timestamp: 1722291288057
- conda: https://conda.anaconda.org/conda-forge/osx-arm64/libboost-python-1.85.0-py312hffe1f2a_4.conda
  sha256: fd2b99f2db8fadb764bbf8797f0993f74577472f205b37bf569fddd0b343b018
  md5: 9f3a934db58e5eef9e8e047fd3237031
  depends:
  - __osx >=11.0
  - libcxx >=16
  - numpy >=1.19,<3
  - python >=3.12,<3.13.0a0
  - python >=3.12,<3.13.0a0 *_cpython
  - python_abi 3.12.* *_cp312
  constrains:
  - py-boost <0.0a0
  - boost =1.85.0
  license: BSL-1.0
  size: 109250
  timestamp: 1722291591468
- conda: https://conda.anaconda.org/conda-forge/osx-arm64/libboost-python-devel-1.85.0-py312ha814d7c_4.conda
  sha256: fc8ae3d466cee037aa19278a1853154066693872ee8709b0380d457f77abad4d
  md5: 1db9eafa76b0a3f6017b8f817e8d690e
  depends:
  - libboost-devel 1.85.0 hf450f58_4
  - libboost-python 1.85.0 py312hffe1f2a_4
  - numpy >=1.19,<3
  - python >=3.12,<3.13.0a0
  - python_abi 3.12.* *_cp312
  constrains:
  - py-boost <0.0a0
  - boost =1.85.0
  license: BSL-1.0
  size: 21845
  timestamp: 1722292122870
- conda: https://conda.anaconda.org/conda-forge/osx-arm64/libcblas-3.11.0-5_hb0561ab_openblas.conda
  build_number: 5
  sha256: 38809c361bbd165ecf83f7f05fae9b791e1baa11e4447367f38ae1327f402fc0
  md5: efd8bd15ca56e9d01748a3beab8404eb
  depends:
  - libblas 3.11.0 5_h51639a9_openblas
  constrains:
  - liblapacke 3.11.0   5*_openblas
  - liblapack  3.11.0   5*_openblas
  - blas 2.305   openblas
  license: BSD-3-Clause
  license_family: BSD
  size: 18548
  timestamp: 1765819108956
- conda: https://conda.anaconda.org/conda-forge/osx-arm64/libclang-cpp21.1-21.1.7-default_hf3020a7_4.conda
  sha256: 7b7dd84399e45ed86946e9a6c98570923c0ff857ee2b241db89a58d628997eb9
  md5: 81deee94262df32cad0a22089e0bc2e0
  depends:
  - __osx >=11.0
  - libcxx >=21.1.7
  - libllvm21 >=21.1.7,<21.2.0a0
  license: Apache-2.0 WITH LLVM-exception
  license_family: Apache
  size: 13683592
  timestamp: 1767750464018
- conda: https://conda.anaconda.org/conda-forge/osx-arm64/libcxx-21.1.8-hf598326_0.conda
  sha256: 82e228975fd491bcf1071ecd0a6ec2a0fcc5f57eb0bd1d52cb13a18d57c67786
  md5: 780f0251b757564e062187044232c2b7
  depends:
  - __osx >=11.0
  license: Apache-2.0 WITH LLVM-exception
  license_family: Apache
  size: 569118
  timestamp: 1765919724254
- conda: https://conda.anaconda.org/conda-forge/osx-arm64/libcxx-devel-21.1.8-h6dc3340_0.conda
  sha256: 8f30b3c8689c25c598c56cf3fc75acec88807f12963651fa7658de3a01278b35
  md5: 7cd788decc4e27cffefe81541fe122ab
  depends:
  - libcxx >=21.1.8
  - libcxx-headers >=21.1.8,<21.1.9.0a0
  license: Apache-2.0 WITH LLVM-exception
  license_family: Apache
  size: 21848
  timestamp: 1765919773997
- conda: https://conda.anaconda.org/conda-forge/noarch/libcxx-headers-21.1.8-h707e725_0.conda
  sha256: 2d857db6ddebb7e25f62a6c7a61d31e981d7b9d825d2b1e2343da50dac2cbf55
  md5: a0091a039dffee1e4f4e7fc13d8e506c
  depends:
  - __unix
  constrains:
  - libcxx-devel 21.1.8
  license: Apache-2.0 WITH LLVM-exception
  license_family: Apache
  size: 1116618
  timestamp: 1765919419186
- conda: https://conda.anaconda.org/conda-forge/osx-arm64/libexpat-2.7.3-haf25636_0.conda
  sha256: fce22610ecc95e6d149e42a42fbc3cc9d9179bd4eb6232639a60f06e080eec98
  md5: b79875dbb5b1db9a4a22a4520f918e1a
  depends:
  - __osx >=11.0
  constrains:
  - expat 2.7.3.*
  license: MIT
  license_family: MIT
  size: 67800
  timestamp: 1763549994166
- conda: https://conda.anaconda.org/conda-forge/osx-arm64/libffi-3.5.2-he5f378a_0.conda
  sha256: 9b8acdf42df61b7bfe8bdc545c016c29e61985e79748c64ad66df47dbc2e295f
  md5: 411ff7cd5d1472bba0f55c0faf04453b
  depends:
  - __osx >=11.0
  license: MIT
  license_family: MIT
  size: 40251
  timestamp: 1760295839166
- conda: https://conda.anaconda.org/conda-forge/osx-arm64/libgcc-15.2.0-hcbb3090_16.conda
  sha256: 646c91dbc422fe92a5f8a3a5409c9aac66549f4ce8f8d1cab7c2aa5db789bb69
  md5: 8b216bac0de7a9d60f3ddeba2515545c
  depends:
  - _openmp_mutex
  constrains:
  - libgcc-ng ==15.2.0=*_16
  - libgomp 15.2.0 16
  license: GPL-3.0-only WITH GCC-exception-3.1
  license_family: GPL
  size: 402197
  timestamp: 1765258985740
- conda: https://conda.anaconda.org/conda-forge/osx-arm64/libgfortran-15.2.0-h07b0088_16.conda
  sha256: 68a6c1384d209f8654112c4c57c68c540540dd8e09e17dd1facf6cf3467798b5
  md5: 11e09edf0dde4c288508501fe621bab4
  depends:
  - libgfortran5 15.2.0 hdae7583_16
  constrains:
  - libgfortran-ng ==15.2.0=*_16
  license: GPL-3.0-only WITH GCC-exception-3.1
  license_family: GPL
  size: 138630
  timestamp: 1765259217400
- conda: https://conda.anaconda.org/conda-forge/osx-arm64/libgfortran5-15.2.0-hdae7583_16.conda
  sha256: 9fb7f4ff219e3fb5decbd0ee90a950f4078c90a86f5d8d61ca608c913062f9b0
  md5: 265a9d03461da24884ecc8eb58396d57
  depends:
  - libgcc >=15.2.0
  constrains:
  - libgfortran 15.2.0
  license: GPL-3.0-only WITH GCC-exception-3.1
  license_family: GPL
  size: 598291
  timestamp: 1765258993165
- conda: https://conda.anaconda.org/conda-forge/osx-arm64/libiconv-1.18-h23cfdf5_2.conda
  sha256: de0336e800b2af9a40bdd694b03870ac4a848161b35c8a2325704f123f185f03
  md5: 4d5a7445f0b25b6a3ddbb56e790f5251
  depends:
  - __osx >=11.0
  license: LGPL-2.1-only
  size: 750379
  timestamp: 1754909073836
- conda: https://conda.anaconda.org/conda-forge/osx-arm64/liblapack-3.11.0-5_hd9741b5_openblas.conda
  build_number: 5
  sha256: 735a6e6f7d7da6f718b6690b7c0a8ae4815afb89138aa5793abe78128e951dbb
  md5: ca9d752201b7fa1225bca036ee300f2b
  depends:
  - libblas 3.11.0 5_h51639a9_openblas
  constrains:
  - libcblas   3.11.0   5*_openblas
  - blas 2.305   openblas
  - liblapacke 3.11.0   5*_openblas
  license: BSD-3-Clause
  license_family: BSD
  size: 18551
  timestamp: 1765819121855
- conda: https://conda.anaconda.org/conda-forge/osx-arm64/libllvm21-21.1.7-h8e0c9ce_0.conda
  sha256: c314555be004f72798c203552554596ac49aa9924ec492d41a0a687d45bf1d99
  md5: 3abc4690cf43342493e7bbb3ffeeecf3
  depends:
  - __osx >=11.0
  - libcxx >=19
  - libxml2
  - libxml2-16 >=2.14.6
  - libzlib >=1.3.1,<2.0a0
  - zstd >=1.5.7,<1.6.0a0
  license: Apache-2.0 WITH LLVM-exception
  license_family: Apache
  size: 29397925
  timestamp: 1764710482321
- conda: https://conda.anaconda.org/conda-forge/osx-arm64/liblzma-5.8.1-h39f12f2_2.conda
  sha256: 0cb92a9e026e7bd4842f410a5c5c665c89b2eb97794ffddba519a626b8ce7285
  md5: d6df911d4564d77c4374b02552cb17d1
  depends:
  - __osx >=11.0
  constrains:
  - xz 5.8.1.*
  license: 0BSD
  size: 92286
  timestamp: 1749230283517
- conda: https://conda.anaconda.org/conda-forge/osx-arm64/liblzma-devel-5.8.1-h39f12f2_2.conda
  sha256: 974804430e24f0b00f3a48b67ec10c9f5441c9bb3d82cc0af51ba45b8a75a241
  md5: 1201137f1a5ec9556032ffc04dcdde8d
  depends:
  - __osx >=11.0
  - liblzma 5.8.1 h39f12f2_2
  license: 0BSD
  size: 116244
  timestamp: 1749230297170
- conda: https://conda.anaconda.org/conda-forge/osx-arm64/libopenblas-0.3.30-openmp_ha158390_3.conda
  sha256: dcc626c7103503d1dfc0371687ad553cb948b8ed0249c2a721147bdeb8db4a73
  md5: a18a7f471c517062ee71b843ef95eb8a
  depends:
  - __osx >=11.0
  - libgfortran
  - libgfortran5 >=14.3.0
  - llvm-openmp >=19.1.7
  constrains:
  - openblas >=0.3.30,<0.3.31.0a0
  license: BSD-3-Clause
  license_family: BSD
  size: 4285762
  timestamp: 1761749506256
- conda: https://conda.anaconda.org/conda-forge/osx-arm64/libsigtool-0.1.3-h98dc951_0.conda
  sha256: 421f7bd7caaa945d9cd5d374cc3f01e75637ca7372a32d5e7695c825a48a30d1
  md5: c08557d00807785decafb932b5be7ef5
  depends:
  - __osx >=11.0
  - openssl >=3.5.4,<4.0a0
  license: MIT
  license_family: MIT
  size: 36416
  timestamp: 1767045062496
- conda: https://conda.anaconda.org/conda-forge/osx-arm64/libsqlite-3.51.1-h1b79a29_1.conda
  sha256: f2c3cbf2ca7d697098964a748fbf19d6e4adcefa23844ec49f0166f1d36af83c
  md5: 8c3951797658e10b610929c3e57e9ad9
  depends:
  - __osx >=11.0
  - libzlib >=1.3.1,<2.0a0
  license: blessing
  size: 905861
  timestamp: 1766319901587
- conda: https://conda.anaconda.org/conda-forge/osx-arm64/libxml2-2.15.1-h9329255_0.conda
  sha256: c409e384ddf5976a42959265100d6b2c652017d250171eb10bae47ef8166193f
  md5: fb5ce61da27ee937751162f86beba6d1
  depends:
  - __osx >=11.0
  - icu >=75.1,<76.0a0
  - libiconv >=1.18,<2.0a0
  - liblzma >=5.8.1,<6.0a0
  - libxml2-16 2.15.1 h0ff4647_0
  - libzlib >=1.3.1,<2.0a0
  license: MIT
  license_family: MIT
  size: 40607
  timestamp: 1761016108361
- conda: https://conda.anaconda.org/conda-forge/osx-arm64/libxml2-16-2.15.1-h0ff4647_0.conda
  sha256: ebe2dd9da94280ad43da936efa7127d329b559f510670772debc87602b49b06d
  md5: 438c97d1e9648dd7342f86049dd44638
  depends:
  - __osx >=11.0
  - icu >=75.1,<76.0a0
  - libiconv >=1.18,<2.0a0
  - liblzma >=5.8.1,<6.0a0
  - libzlib >=1.3.1,<2.0a0
  constrains:
  - libxml2 2.15.1
  license: MIT
  license_family: MIT
  size: 464952
  timestamp: 1761016087733
- conda: https://conda.anaconda.org/conda-forge/osx-arm64/libzlib-1.3.1-h8359307_2.conda
  sha256: ce34669eadaba351cd54910743e6a2261b67009624dbc7daeeafdef93616711b
  md5: 369964e85dc26bfe78f41399b366c435
  depends:
  - __osx >=11.0
  constrains:
  - zlib 1.3.1 *_2
  license: Zlib
  license_family: Other
  size: 46438
  timestamp: 1727963202283
- conda: https://conda.anaconda.org/conda-forge/osx-arm64/llvm-openmp-21.1.8-h4a912ad_0.conda
  sha256: 56bcd20a0a44ddd143b6ce605700fdf876bcf5c509adc50bf27e76673407a070
  md5: 206ad2df1b5550526e386087bef543c7
  depends:
  - __osx >=11.0
  constrains:
  - openmp 21.1.8|21.1.8.*
  - intel-openmp <0.0a0
  license: Apache-2.0 WITH LLVM-exception
  license_family: APACHE
  size: 285974
  timestamp: 1765964756583
- conda: https://conda.anaconda.org/conda-forge/osx-arm64/llvm-tools-21.1.7-h855ad52_0.conda
  sha256: 772fbc8b42ad495c28ea2bd6a0f487061434aa8af6c03bbad4c1912ebf4de365
  md5: a00e55b48b7ee286062b85c190e1dc80
  depends:
  - __osx >=11.0
  - libllvm21 21.1.7 h8e0c9ce_0
  - llvm-tools-21 21.1.7 h91fd4e7_0
  constrains:
  - clang       21.1.7
  - llvmdev     21.1.7
  - llvm        21.1.7
  - clang-tools 21.1.7
  license: Apache-2.0 WITH LLVM-exception
  license_family: Apache
  size: 88822
  timestamp: 1764710932573
- conda: https://conda.anaconda.org/conda-forge/osx-arm64/llvm-tools-21-21.1.7-h91fd4e7_0.conda
  sha256: 611d0f787b3a837ad33df6b3b0fc804e8636547105ae9abea7098d0d2367d804
  md5: 665e987adbd92502f67ebff539591da5
  depends:
  - __osx >=11.0
  - libcxx >=19
  - libllvm21 21.1.7 h8e0c9ce_0
  - libzlib >=1.3.1,<2.0a0
  - zstd >=1.5.7,<1.6.0a0
  license: Apache-2.0 WITH LLVM-exception
  license_family: Apache
  size: 17925948
  timestamp: 1764710793972
- conda: https://conda.anaconda.org/conda-forge/osx-arm64/make-4.4.1-hc9fafa5_2.conda
  sha256: 90ca65e788406d9029ae23ad4bd944a8b5353ad5f59bd6ce326f980cde46f37e
  md5: 9f44ef1fea0a25d6a3491c58f3af8460
  depends:
  - __osx >=11.0
  license: GPL-3.0-or-later
  license_family: GPL
  size: 274048
  timestamp: 1727801725384
- conda: https://conda.anaconda.org/conda-forge/osx-arm64/ncurses-6.5-h5e97a16_3.conda
  sha256: 2827ada40e8d9ca69a153a45f7fd14f32b2ead7045d3bbb5d10964898fe65733
  md5: 068d497125e4bf8a66bf707254fff5ae
  depends:
  - __osx >=11.0
  license: X11 AND BSD-3-Clause
  size: 797030
  timestamp: 1738196177597
- conda: https://conda.anaconda.org/conda-forge/osx-arm64/numpy-2.4.0-py312he281c53_0.conda
  sha256: c4174ca8b54e0113748c21e6222238cff3f8b3bac49f7fa64cc4b9e554b29b7a
  md5: 077fc6ec945d1d90729342a47dbef6c0
  depends:
  - python
  - python 3.12.* *_cpython
  - libcxx >=19
  - __osx >=11.0
  - liblapack >=3.9.0,<4.0a0
  - libcblas >=3.9.0,<4.0a0
  - libblas >=3.9.0,<4.0a0
  - python_abi 3.12.* *_cp312
  constrains:
  - numpy-base <0a0
  license: BSD-3-Clause
  license_family: BSD
  size: 6830370
  timestamp: 1766373807397
- conda: https://conda.anaconda.org/conda-forge/osx-arm64/openssl-3.6.0-h5503f6c_0.conda
  sha256: ebe93dafcc09e099782fe3907485d4e1671296bc14f8c383cb6f3dfebb773988
  md5: b34dc4172653c13dcf453862f251af2b
  depends:
  - __osx >=11.0
  - ca-certificates
  license: Apache-2.0
  license_family: Apache
  size: 3108371
  timestamp: 1762839712322
- conda: https://conda.anaconda.org/conda-forge/osx-arm64/python-3.12.12-h18782d2_1_cpython.conda
  build_number: 1
  sha256: 626da9bb78459ce541407327d1e22ee673fd74e9103f1a0e0f4e3967ad0a23a7
  md5: 0322f2ddca2cafbf34ef3ddbea100f73
  depends:
  - __osx >=11.0
  - bzip2 >=1.0.8,<2.0a0
  - libexpat >=2.7.1,<3.0a0
  - libffi >=3.5.2,<3.6.0a0
  - liblzma >=5.8.1,<6.0a0
  - libsqlite >=3.50.4,<4.0a0
  - libzlib >=1.3.1,<2.0a0
  - ncurses >=6.5,<7.0a0
  - openssl >=3.5.4,<4.0a0
  - readline >=8.2,<9.0a0
  - tk >=8.6.13,<8.7.0a0
  - tzdata
  constrains:
  - python_abi 3.12.* *_cp312
  license: Python-2.0
  size: 12062421
  timestamp: 1761176476561
- conda: https://conda.anaconda.org/conda-forge/noarch/python_abi-3.12-8_cp312.conda
  build_number: 8
  sha256: 80677180dd3c22deb7426ca89d6203f1c7f1f256f2d5a94dc210f6e758229809
  md5: c3efd25ac4d74b1584d2f7a57195ddf1
  constrains:
  - python 3.12.* *_cpython
  license: BSD-3-Clause
  license_family: BSD
  size: 6958
  timestamp: 1752805918820
- conda: https://conda.anaconda.org/conda-forge/osx-arm64/readline-8.3-h46df422_0.conda
  sha256: a77010528efb4b548ac2a4484eaf7e1c3907f2aec86123ed9c5212ae44502477
  md5: f8381319127120ce51e081dce4865cf4
  depends:
  - __osx >=11.0
  - ncurses >=6.5,<7.0a0
  license: GPL-3.0-only
  license_family: GPL
  size: 313930
  timestamp: 1765813902568
- conda: https://conda.anaconda.org/conda-forge/osx-arm64/sigtool-0.1.3-h98dc951_0.conda
  sha256: aa8161f76fa1f1cfdd9371319dcccfc1884e790dabe2a284fe494ee6ae14a99c
  md5: b7349cda16aa098a67c87bf9581faf22
  depends:
  - __osx >=11.0
  - libsigtool 0.1.3 h98dc951_0
  - openssl >=3.5.4,<4.0a0
  - sigtool-codesign 0.1.3 h98dc951_0
  license: MIT
  license_family: MIT
  size: 117579
  timestamp: 1767045110047
- conda: https://conda.anaconda.org/conda-forge/osx-arm64/sigtool-codesign-0.1.3-h98dc951_0.conda
  sha256: f3d006e2441f110160a684744d90921bbedbffa247d7599d7e76b5cd048116dc
  md5: ade77ad7513177297b1d75e351e136ce
  depends:
  - __osx >=11.0
  - libsigtool 0.1.3 h98dc951_0
  - openssl >=3.5.4,<4.0a0
  license: MIT
  license_family: MIT
  size: 114331
  timestamp: 1767045086274
- conda: https://conda.anaconda.org/conda-forge/osx-arm64/tapi-1600.0.11.8-h997e182_0.conda
  sha256: dcb678fa77f448fa981bf3783902afe09b8838436f3092e9ecaf6a718c87f642
  md5: 347261d575a245cb6111fb2cb5a79fc7
  depends:
  - libcxx >=19.0.0.a0
  - __osx >=11.0
  - ncurses >=6.5,<7.0a0
  license: NCSA
  size: 199699
  timestamp: 1762535277608
- conda: https://conda.anaconda.org/conda-forge/osx-arm64/tk-8.6.13-h892fb3f_3.conda
  sha256: ad0c67cb03c163a109820dc9ecf77faf6ec7150e942d1e8bb13e5d39dc058ab7
  md5: a73d54a5abba6543cb2f0af1bfbd6851
  depends:
  - __osx >=11.0
  - libzlib >=1.3.1,<2.0a0
  license: TCL
  license_family: BSD
  size: 3125484
  timestamp: 1763055028377
- conda: https://conda.anaconda.org/conda-forge/noarch/tzdata-2025c-hc9c84f9_1.conda
  sha256: 1d30098909076af33a35017eed6f2953af1c769e273a0626a04722ac4acaba3c
  md5: ad659d0a2b3e47e38d829aa8cad2d610
  license: LicenseRef-Public-Domain
  size: 119135
  timestamp: 1767016325805
- conda: https://conda.anaconda.org/conda-forge/osx-arm64/xz-5.8.1-h9a6d368_2.conda
  sha256: afb747cf017b67cc31d54c6e6c4bd1b1e179fe487a3d23a856232ed7fd0b099b
  md5: 39435c82e5a007ef64cbb153ecc40cfd
  depends:
  - __osx >=11.0
  - liblzma 5.8.1 h39f12f2_2
  - liblzma-devel 5.8.1 h39f12f2_2
  - xz-gpl-tools 5.8.1 h9a6d368_2
  - xz-tools 5.8.1 h39f12f2_2
  license: 0BSD AND LGPL-2.1-or-later AND GPL-2.0-or-later
  size: 23995
  timestamp: 1749230346887
- conda: https://conda.anaconda.org/conda-forge/osx-arm64/xz-gpl-tools-5.8.1-h9a6d368_2.conda
  sha256: a0790cfb48d240e7b655b0d797a00040219cf39e3ee38e2104e548515df4f9c2
  md5: 09b1442c1d49ac7c5f758c44695e77d1
  depends:
  - __osx >=11.0
  - liblzma 5.8.1 h39f12f2_2
  constrains:
  - xz 5.8.1.*
  license: 0BSD AND LGPL-2.1-or-later AND GPL-2.0-or-later
  size: 34103
  timestamp: 1749230329933
- conda: https://conda.anaconda.org/conda-forge/osx-arm64/xz-tools-5.8.1-h39f12f2_2.conda
  sha256: 9d1232705e3d175f600dc8e344af9182d0341cdaa73d25330591a28532951063
  md5: 37996935aa33138fca43e4b4563b6a28
  depends:
  - __osx >=11.0
  - liblzma 5.8.1 h39f12f2_2
  constrains:
  - xz 5.8.1.*
  license: 0BSD AND LGPL-2.1-or-later
  size: 86425
  timestamp: 1749230316106
- conda: https://conda.anaconda.org/conda-forge/osx-arm64/zstd-1.5.7-hbf9d68e_6.conda
  sha256: 9485ba49e8f47d2b597dd399e88f4802e100851b27c21d7525625b0b4025a5d9
  md5: ab136e4c34e97f34fb621d2592a393d8
  depends:
  - __osx >=11.0
  - libzlib >=1.3.1,<2.0a0
  license: BSD-3-Clause
  license_family: BSD
  size: 433413
  timestamp: 1764777166076
